{
  "version": 4,
  "terraform_version": "1.14.0",
  "serial": 19,
  "lineage": "ecef6d7b-0d24-1c24-167f-ecf3c3c59c13",
  "outputs": {
    "server_ips": {
      "value": {
        "server-01": "10.79.225.120",
        "server-02": "10.79.225.13"
      },
      "type": [
        "object",
        {
          "server-01": "string",
          "server-02": "string"
        }
      ]
    }
  },
  "resources": [
    {
      "mode": "managed",
      "type": "lxd_instance",
      "name": "servers",
      "provider": "provider[\"registry.terraform.io/terraform-lxd/lxd\"]",
      "instances": [
        {
          "index_key": "server-01",
          "schema_version": 0,
          "attributes": {
            "config": {
              "user.user-data": "#cloud-config\nssh_pwauth: false\ndisable_root: true\n\nusers:\n  - name: ubuntu\n    gecos: \"Ubuntu User\"\n    sudo: \"ALL=(ALL) NOPASSWD:ALL\"\n    groups: [sudo]\n    shell: /bin/bash\n    lock_passwd: true\n    ssh_authorized_keys:\n      - \"ssh-ed25519 AAAAC3NzaC1lZDI1NTE5AAAAIGig6dtSUNG0lRt4oVvMNJZo/JmCOXI4esa/lZW1KQdQ hau@legion-5\"\n\npackage_update: true\npackage_upgrade: true\npackages:\n  - \"htop\"\n  - \"vim\"\n\ntimezone: \"Asia/Ho_Chi_Minh\"\n\n"
            },
            "device": [
              {
                "name": "eth0",
                "properties": {
                  "ipv4.address": "10.79.225.111",
                  "network": "lxdbr0"
                },
                "type": "nic"
              }
            ],
            "ephemeral": false,
            "file": [],
            "id": "server-01",
            "image": "ubuntu:24.04",
            "ip_address": "10.79.225.120",
            "ipv4_address": "10.79.225.120",
            "ipv6_address": "fe80::216:3eff:feda:2b1f",
            "limits": {
              "cpu": "2",
              "memory": "2GB"
            },
            "mac_address": "00:16:3e:da:2b:1f",
            "name": "server-01",
            "privileged": false,
            "profiles": [
              "default"
            ],
            "project": null,
            "remote": null,
            "start_on_create": true,
            "status": "Running",
            "target": "none",
            "type": "container",
            "wait_for_network": true
          },
          "sensitive_attributes": [],
          "identity_schema_version": 0,
          "private": "bnVsbA=="
        },
        {
          "index_key": "server-02",
          "schema_version": 0,
          "attributes": {
            "config": {
              "user.user-data": "#cloud-config\nssh_pwauth: false\ndisable_root: true\n\nusers:\n  - name: ubuntu\n    gecos: \"Ubuntu User\"\n    sudo: \"ALL=(ALL) NOPASSWD:ALL\"\n    groups: [sudo]\n    shell: /bin/bash\n    lock_passwd: true\n    ssh_authorized_keys:\n      - \"ssh-ed25519 AAAAC3NzaC1lZDI1NTE5AAAAIGig6dtSUNG0lRt4oVvMNJZo/JmCOXI4esa/lZW1KQdQ hau@legion-5\"\n\npackage_update: true\npackage_upgrade: true\npackages:\n  - \"htop\"\n  - \"vim\"\n\ntimezone: \"Asia/Ho_Chi_Minh\"\n\n"
            },
            "device": [
              {
                "name": "eth0",
                "properties": {
                  "ipv4.address": "10.79.225.112",
                  "network": "lxdbr0"
                },
                "type": "nic"
              }
            ],
            "ephemeral": false,
            "file": [],
            "id": "server-02",
            "image": "ubuntu:24.04",
            "ip_address": "10.79.225.112",
            "ipv4_address": "10.79.225.112",
            "ipv6_address": "fe80::216:3eff:fe8c:6a07",
            "limits": {
              "cpu": "2",
              "memory": "2GB"
            },
            "mac_address": "00:16:3e:8c:6a:07",
            "name": "server-02",
            "privileged": false,
            "profiles": [
              "default"
            ],
            "project": null,
            "remote": null,
            "start_on_create": true,
            "status": "Running",
            "target": "none",
            "type": "container",
            "wait_for_network": true
          },
          "sensitive_attributes": [],
          "identity_schema_version": 0,
          "private": "bnVsbA=="
        }
      ]
    }
  ],
  "check_results": null
}
